
Microsoft Visual Studio Solution File, Format Version 12.00
# Visual Studio Version 17
VisualStudioVersion = 17.13.35806.99
MinimumVisualStudioVersion = 10.0.40219.1
Project("{FAE04EC0-301F-11D3-BF4B-00C04F79EFBC}") = "MVСModel", "WebApplication1\MVСModel.csproj", "{5E68E9E9-0BDB-4529-ADA2-4CB19FD494E4}"
EndProject
Global
	GlobalSection(SolutionConfigurationPlatforms) = preSolution
		Debug|Any CPU = Debug|Any CPU
		Release|Any CPU = Release|Any CPU
	EndGlobalSection
	GlobalSection(ProjectConfigurationPlatforms) = postSolution
		{5E68E9E9-0BDB-4529-ADA2-4CB19FD494E4}.Debug|Any CPU.ActiveCfg = Debug|Any CPU
		{5E68E9E9-0BDB-4529-ADA2-4CB19FD494E4}.Debug|Any CPU.Build.0 = Debug|Any CPU
		{5E68E9E9-0BDB-4529-ADA2-4CB19FD494E4}.Release|Any CPU.ActiveCfg = Release|Any CPU
		{5E68E9E9-0BDB-4529-ADA2-4CB19FD494E4}.Release|Any CPU.Build.0 = Release|Any CPU
	EndGlobalSection
	GlobalSection(SolutionProperties) = preSolution
		HideSolutionNode = FALSE
	EndGlobalSection
	GlobalSection(ExtensibilityGlobals) = postSolution
		SolutionGuid = {213581C7-9B5F-4C5B-A910-8121CFA0C3F0}
	EndGlobalSection
EndGlobal
